
Microsoft Visual Studio Solution File, Format Version 12.00
# Visual Studio Version 16
VisualStudioVersion = 16.0.29424.173
MinimumVisualStudioVersion = 10.0.40219.1
Project("{9A19103F-16F7-4668-BE54-9A1E7A4F7556}") = "Webdriver Advanced", "Webdriver Advanced.csproj", "{EC94622D-3740-4F48-9D98-E8200DE73EC9}"
EndProject
Global
	GlobalSection(SolutionConfigurationPlatforms) = preSolution
		Debug|Any CPU = Debug|Any CPU
		Release|Any CPU = Release|Any CPU
	EndGlobalSection
	GlobalSection(ProjectConfigurationPlatforms) = postSolution
		{EC94622D-3740-4F48-9D98-E8200DE73EC9}.Debug|Any CPU.ActiveCfg = Debug|Any CPU
		{EC94622D-3740-4F48-9D98-E8200DE73EC9}.Debug|Any CPU.Build.0 = Debug|Any CPU
		{EC94622D-3740-4F48-9D98-E8200DE73EC9}.Release|Any CPU.ActiveCfg = Release|Any CPU
		{EC94622D-3740-4F48-9D98-E8200DE73EC9}.Release|Any CPU.Build.0 = Release|Any CPU
	EndGlobalSection
	GlobalSection(SolutionProperties) = preSolution
		HideSolutionNode = FALSE
	EndGlobalSection
	GlobalSection(ExtensibilityGlobals) = postSolution
		SolutionGuid = {0429D339-A719-4768-96C1-887218B9B6B4}
	EndGlobalSection
EndGlobal
